
Microsoft Visual Studio Solution File, Format Version 12.00
# Visual Studio Version 17
VisualStudioVersion = 17.10.35004.147
MinimumVisualStudioVersion = 10.0.40219.1
Project("{9A19103F-16F7-4668-BE54-9A1E7A4F7556}") = "WriteLineAndReadLine", "LearningC#\WriteLineAndReadLine.csproj", "{C38CB3E3-F176-4932-BFD0-D827646A52E2}"
EndProject
Project("{9A19103F-16F7-4668-BE54-9A1E7A4F7556}") = "KeywordsAnsIdentifer", "KeywordsAnsIdentifer\KeywordsAnsIdentifer.csproj", "{38B5B1D2-93CE-4580-925E-E29C05E38B2D}"
EndProject
Project("{9A19103F-16F7-4668-BE54-9A1E7A4F7556}") = "String", "String\String.csproj", "{A4C4D859-FB12-4A66-A827-8BBF1B08787D}"
EndProject
Project("{9A19103F-16F7-4668-BE54-9A1E7A4F7556}") = "Operators", "Operators\Operators.csproj", "{7F8B7882-ECC8-4EE5-A21A-499B9F8BC60B}"
EndProject
Project("{9A19103F-16F7-4668-BE54-9A1E7A4F7556}") = "NullableTypes", "NullableTypes\NullableTypes.csproj", "{5768A8E9-8D43-435C-96A9-1C52B6A7B82F}"
EndProject
Project("{9A19103F-16F7-4668-BE54-9A1E7A4F7556}") = "DataTypeConversion", "DataTypeConversion\DataTypeConversion.csproj", "{2665403F-7C15-41D6-828F-F38F6BC1A606}"
EndProject
Project("{9A19103F-16F7-4668-BE54-9A1E7A4F7556}") = "Arrays", "Arrays\Arrays.csproj", "{9740A936-393E-44BE-9DC7-F3BB2216498F}"
EndProject
Project("{9A19103F-16F7-4668-BE54-9A1E7A4F7556}") = "Conditional_And_Iteration_Statements", "Conditional_And_Iteration_Statements\Conditional_And_Iteration_Statements.csproj", "{B51AD1E9-91CE-4DC0-8171-FD0E61E198B8}"
EndProject
Project("{9A19103F-16F7-4668-BE54-9A1E7A4F7556}") = "1_Method_Theory", "Methods\1_Method_Theory.csproj", "{471213C8-AAE2-4DF8-AF6B-CDCD41E934CF}"
EndProject
Project("{2150E333-8FDC-42A3-9474-1A3956D46DE8}") = "Method", "Method", "{D2C14283-B677-4ABB-BDE1-2DC49B530FB7}"
EndProject
Project("{9A19103F-16F7-4668-BE54-9A1E7A4F7556}") = "2_Method_Introduction", "Method_Introduction\2_Method_Introduction.csproj", "{2A0945BD-A5CC-4D31-BADD-B94E7ACFA3C4}"
EndProject
Project("{9A19103F-16F7-4668-BE54-9A1E7A4F7556}") = "3_Static_Method", "3_Static_Method\3_Static_Method.csproj", "{70955C24-EF5B-4D0E-B130-3E707500D2C6}"
EndProject
Project("{9A19103F-16F7-4668-BE54-9A1E7A4F7556}") = "4_Method_Parameters", "4_Method_Parameters\4_Method_Parameters.csproj", "{D62560C9-7628-4831-9D78-54ECCF53711A}"
EndProject
Project("{9A19103F-16F7-4668-BE54-9A1E7A4F7556}") = "5_Value_Parameter", "5_Types of Parameters\5_Value_Parameter.csproj", "{1985A950-2D8A-46F4-B624-067FE391C8B2}"
EndProject
Project("{9A19103F-16F7-4668-BE54-9A1E7A4F7556}") = "6_Reference_Parameter", "6_Reference_Parameter\6_Reference_Parameter.csproj", "{C6B10C8C-22C2-42BA-96CD-8BDD27E99637}"
EndProject
Project("{9A19103F-16F7-4668-BE54-9A1E7A4F7556}") = "7_Out_Parameter", "7_Out_Parameter\7_Out_Parameter.csproj", "{140CD05E-2CDF-4F74-B14A-7D72EC0D10A6}"
EndProject
Project("{9A19103F-16F7-4668-BE54-9A1E7A4F7556}") = "8_Scope_of_Variables", "8_Scope_of_Variables\8_Scope_of_Variables.csproj", "{60CE8CA5-EA07-4D64-B247-BBAFA09464E3}"
EndProject
Project("{9A19103F-16F7-4668-BE54-9A1E7A4F7556}") = "9_Optional Parameters", "9_Optional Parameters\9_Optional Parameters.csproj", "{D0FC2EEC-9290-4000-B9EE-D6BDAAE48C59}"
EndProject
Project("{9A19103F-16F7-4668-BE54-9A1E7A4F7556}") = "10_Named Parameters", "10_Named Parameters\10_Named Parameters.csproj", "{135116EF-27B9-49AC-9563-927C4C4E6590}"
EndProject
Project("{2150E333-8FDC-42A3-9474-1A3956D46DE8}") = "Conditional and Iteration Statement", "Conditional and Iteration Statement", "{C2D255D9-FC02-4815-9DBD-945B2179DABD}"
EndProject
Project("{9A19103F-16F7-4668-BE54-9A1E7A4F7556}") = "Logical_AND_&_Logical_OR", "Logical_AND_&_Logical_OR\Logical_AND_&_Logical_OR.csproj", "{F2F94E33-8465-43E9-888F-0903F2277235}"
EndProject
Project("{9A19103F-16F7-4668-BE54-9A1E7A4F7556}") = "3_Switch_Case", "3_Switch_Case\3_Switch_Case.csproj", "{63139CC0-B9BB-447E-B0B0-FF2E75B18C26}"
EndProject
Project("{9A19103F-16F7-4668-BE54-9A1E7A4F7556}") = "4_Iteration Statements", "4_Iteration Statements\4_Iteration Statements.csproj", "{DB9264A7-71EC-4918-BAD9-70235C19F33C}"
EndProject
Project("{2150E333-8FDC-42A3-9474-1A3956D46DE8}") = "OOPs", "OOPs", "{EE20C878-EA16-4D70-89BB-113DC7FFBFF4}"
EndProject
Project("{9A19103F-16F7-4668-BE54-9A1E7A4F7556}") = "1_Classes", "1_Classes\1_Classes.csproj", "{9B9C221B-B81A-4899-B36D-0A69B8943769}"
EndProject
Project("{9A19103F-16F7-4668-BE54-9A1E7A4F7556}") = "2_Constructors", "2_Constructors\2_Constructors.csproj", "{88352B75-16DA-43F9-A898-07AE067E5F68}"
EndProject
Project("{9A19103F-16F7-4668-BE54-9A1E7A4F7556}") = "3_Static_&_Instance_Members", "3_Static_&_Instance_Members\3_Static_&_Instance_Members.csproj", "{25539AA5-AB45-4854-8773-F1737E3669D7}"
EndProject
Project("{9A19103F-16F7-4668-BE54-9A1E7A4F7556}") = "4_Propertis", "4_Propertis\4_Propertis.csproj", "{8632F0E8-6A26-4BE5-9785-E59CE7B1A45B}"
EndProject
Project("{9A19103F-16F7-4668-BE54-9A1E7A4F7556}") = "5_Auto-implementated  Properties", "5_Auto-implementated  Properties\5_Auto-implementated  Properties.csproj", "{51B52E77-1EE6-423F-9B68-ED915F6E36F3}"
EndProject
Project("{9A19103F-16F7-4668-BE54-9A1E7A4F7556}") = "Inheritance", "6_Inheritance\Inheritance.csproj", "{D3CAAD6D-3D72-4369-970D-1E2B704C8D19}"
EndProject
Project("{2150E333-8FDC-42A3-9474-1A3956D46DE8}") = "Inheritance", "Inheritance", "{52B8C1ED-E26F-4DEA-B04A-F93ED42887B9}"
EndProject
Project("{9A19103F-16F7-4668-BE54-9A1E7A4F7556}") = "2_Types_Inheritance_AccesModifier", "2_Types_Inheritance_AccesModifier\2_Types_Inheritance_AccesModifier.csproj", "{D8D29F32-97DF-4463-8C86-D7C0650CE4A5}"
EndProject
Project("{9A19103F-16F7-4668-BE54-9A1E7A4F7556}") = "3_Method Hiding", "3_Method Hiding\3_Method Hiding.csproj", "{B5B86055-DF53-47F3-87EC-60A2827815D4}"
EndProject
Project("{2150E333-8FDC-42A3-9474-1A3956D46DE8}") = "Polymorohism", "Polymorohism", "{CBA0F16C-AE06-4743-B958-69D82FCE7A55}"
EndProject
Project("{9A19103F-16F7-4668-BE54-9A1E7A4F7556}") = "1_Polymorphism_Basics", "1_Polymorphism_Basics\1_Polymorphism_Basics.csproj", "{708CC5A4-E76C-4A92-96FE-0A46AF8A00D1}"
EndProject
Project("{9A19103F-16F7-4668-BE54-9A1E7A4F7556}") = "2_MethodOverriding_vs_MethodHinding", "2_MethodOverriding_vs_MethodHinding\2_MethodOverriding_vs_MethodHinding.csproj", "{1EEEDC65-3EBB-466B-95E7-EA122A5C753E}"
EndProject
Project("{9A19103F-16F7-4668-BE54-9A1E7A4F7556}") = "3_RunTime_polymorphism_Method_Overloading", "3_RunTime_polymorphism_Method_Overloading\3_RunTime_polymorphism_Method_Overloading.csproj", "{23C5B01A-6B8A-47A2-BABF-B9C07329AF63}"
EndProject
Project("{2150E333-8FDC-42A3-9474-1A3956D46DE8}") = "Interface & Abstraction", "Interface & Abstraction", "{4CB58B1B-8947-4D3E-BDD1-D89BC14EEDA3}"
EndProject
Project("{9A19103F-16F7-4668-BE54-9A1E7A4F7556}") = "1_Interface", "1_Interface\1_Interface.csproj", "{8E171B28-0CCC-41F8-91F6-407DC0FD2969}"
EndProject
Project("{9A19103F-16F7-4668-BE54-9A1E7A4F7556}") = "2_Abstract_Classes", "2_Abstract_Classes\2_Abstract_Classes.csproj", "{5650C322-0012-40FC-86FF-FB6E3F3AA76F}"
EndProject
Project("{9A19103F-16F7-4668-BE54-9A1E7A4F7556}") = "3_Interface_vs_AbstractClass", "3_Interface_vs_AbstractClass\3_Interface_vs_AbstractClass.csproj", "{B8B46B02-CE9B-412E-AF59-A04C9F5DBA33}"
EndProject
Project("{FAE04EC0-301F-11D3-BF4B-00C04F79EFBC}") = "5_While_Loop", "5_While_Loop\5_While_Loop.csproj", "{67D687CA-4701-4317-AD6B-DF68186280DD}"
EndProject
Global
	GlobalSection(SolutionConfigurationPlatforms) = preSolution
		Debug|Any CPU = Debug|Any CPU
		Release|Any CPU = Release|Any CPU
	EndGlobalSection
	GlobalSection(ProjectConfigurationPlatforms) = postSolution
		{C38CB3E3-F176-4932-BFD0-D827646A52E2}.Debug|Any CPU.ActiveCfg = Debug|Any CPU
		{C38CB3E3-F176-4932-BFD0-D827646A52E2}.Debug|Any CPU.Build.0 = Debug|Any CPU
		{C38CB3E3-F176-4932-BFD0-D827646A52E2}.Release|Any CPU.ActiveCfg = Release|Any CPU
		{C38CB3E3-F176-4932-BFD0-D827646A52E2}.Release|Any CPU.Build.0 = Release|Any CPU
		{38B5B1D2-93CE-4580-925E-E29C05E38B2D}.Debug|Any CPU.ActiveCfg = Debug|Any CPU
		{38B5B1D2-93CE-4580-925E-E29C05E38B2D}.Debug|Any CPU.Build.0 = Debug|Any CPU
		{38B5B1D2-93CE-4580-925E-E29C05E38B2D}.Release|Any CPU.ActiveCfg = Release|Any CPU
		{38B5B1D2-93CE-4580-925E-E29C05E38B2D}.Release|Any CPU.Build.0 = Release|Any CPU
		{A4C4D859-FB12-4A66-A827-8BBF1B08787D}.Debug|Any CPU.ActiveCfg = Debug|Any CPU
		{A4C4D859-FB12-4A66-A827-8BBF1B08787D}.Debug|Any CPU.Build.0 = Debug|Any CPU
		{A4C4D859-FB12-4A66-A827-8BBF1B08787D}.Release|Any CPU.ActiveCfg = Release|Any CPU
		{A4C4D859-FB12-4A66-A827-8BBF1B08787D}.Release|Any CPU.Build.0 = Release|Any CPU
		{7F8B7882-ECC8-4EE5-A21A-499B9F8BC60B}.Debug|Any CPU.ActiveCfg = Debug|Any CPU
		{7F8B7882-ECC8-4EE5-A21A-499B9F8BC60B}.Debug|Any CPU.Build.0 = Debug|Any CPU
		{7F8B7882-ECC8-4EE5-A21A-499B9F8BC60B}.Release|Any CPU.ActiveCfg = Release|Any CPU
		{7F8B7882-ECC8-4EE5-A21A-499B9F8BC60B}.Release|Any CPU.Build.0 = Release|Any CPU
		{5768A8E9-8D43-435C-96A9-1C52B6A7B82F}.Debug|Any CPU.ActiveCfg = Debug|Any CPU
		{5768A8E9-8D43-435C-96A9-1C52B6A7B82F}.Debug|Any CPU.Build.0 = Debug|Any CPU
		{5768A8E9-8D43-435C-96A9-1C52B6A7B82F}.Release|Any CPU.ActiveCfg = Release|Any CPU
		{5768A8E9-8D43-435C-96A9-1C52B6A7B82F}.Release|Any CPU.Build.0 = Release|Any CPU
		{2665403F-7C15-41D6-828F-F38F6BC1A606}.Debug|Any CPU.ActiveCfg = Debug|Any CPU
		{2665403F-7C15-41D6-828F-F38F6BC1A606}.Debug|Any CPU.Build.0 = Debug|Any CPU
		{2665403F-7C15-41D6-828F-F38F6BC1A606}.Release|Any CPU.ActiveCfg = Release|Any CPU
		{2665403F-7C15-41D6-828F-F38F6BC1A606}.Release|Any CPU.Build.0 = Release|Any CPU
		{9740A936-393E-44BE-9DC7-F3BB2216498F}.Debug|Any CPU.ActiveCfg = Debug|Any CPU
		{9740A936-393E-44BE-9DC7-F3BB2216498F}.Debug|Any CPU.Build.0 = Debug|Any CPU
		{9740A936-393E-44BE-9DC7-F3BB2216498F}.Release|Any CPU.ActiveCfg = Release|Any CPU
		{9740A936-393E-44BE-9DC7-F3BB2216498F}.Release|Any CPU.Build.0 = Release|Any CPU
		{B51AD1E9-91CE-4DC0-8171-FD0E61E198B8}.Debug|Any CPU.ActiveCfg = Debug|Any CPU
		{B51AD1E9-91CE-4DC0-8171-FD0E61E198B8}.Debug|Any CPU.Build.0 = Debug|Any CPU
		{B51AD1E9-91CE-4DC0-8171-FD0E61E198B8}.Release|Any CPU.ActiveCfg = Release|Any CPU
		{B51AD1E9-91CE-4DC0-8171-FD0E61E198B8}.Release|Any CPU.Build.0 = Release|Any CPU
		{471213C8-AAE2-4DF8-AF6B-CDCD41E934CF}.Debug|Any CPU.ActiveCfg = Debug|Any CPU
		{471213C8-AAE2-4DF8-AF6B-CDCD41E934CF}.Debug|Any CPU.Build.0 = Debug|Any CPU
		{471213C8-AAE2-4DF8-AF6B-CDCD41E934CF}.Release|Any CPU.ActiveCfg = Release|Any CPU
		{471213C8-AAE2-4DF8-AF6B-CDCD41E934CF}.Release|Any CPU.Build.0 = Release|Any CPU
		{2A0945BD-A5CC-4D31-BADD-B94E7ACFA3C4}.Debug|Any CPU.ActiveCfg = Debug|Any CPU
		{2A0945BD-A5CC-4D31-BADD-B94E7ACFA3C4}.Debug|Any CPU.Build.0 = Debug|Any CPU
		{2A0945BD-A5CC-4D31-BADD-B94E7ACFA3C4}.Release|Any CPU.ActiveCfg = Release|Any CPU
		{2A0945BD-A5CC-4D31-BADD-B94E7ACFA3C4}.Release|Any CPU.Build.0 = Release|Any CPU
		{70955C24-EF5B-4D0E-B130-3E707500D2C6}.Debug|Any CPU.ActiveCfg = Debug|Any CPU
		{70955C24-EF5B-4D0E-B130-3E707500D2C6}.Debug|Any CPU.Build.0 = Debug|Any CPU
		{70955C24-EF5B-4D0E-B130-3E707500D2C6}.Release|Any CPU.ActiveCfg = Release|Any CPU
		{70955C24-EF5B-4D0E-B130-3E707500D2C6}.Release|Any CPU.Build.0 = Release|Any CPU
		{D62560C9-7628-4831-9D78-54ECCF53711A}.Debug|Any CPU.ActiveCfg = Debug|Any CPU
		{D62560C9-7628-4831-9D78-54ECCF53711A}.Debug|Any CPU.Build.0 = Debug|Any CPU
		{D62560C9-7628-4831-9D78-54ECCF53711A}.Release|Any CPU.ActiveCfg = Release|Any CPU
		{D62560C9-7628-4831-9D78-54ECCF53711A}.Release|Any CPU.Build.0 = Release|Any CPU
		{1985A950-2D8A-46F4-B624-067FE391C8B2}.Debug|Any CPU.ActiveCfg = Debug|Any CPU
		{1985A950-2D8A-46F4-B624-067FE391C8B2}.Debug|Any CPU.Build.0 = Debug|Any CPU
		{1985A950-2D8A-46F4-B624-067FE391C8B2}.Release|Any CPU.ActiveCfg = Release|Any CPU
		{1985A950-2D8A-46F4-B624-067FE391C8B2}.Release|Any CPU.Build.0 = Release|Any CPU
		{C6B10C8C-22C2-42BA-96CD-8BDD27E99637}.Debug|Any CPU.ActiveCfg = Debug|Any CPU
		{C6B10C8C-22C2-42BA-96CD-8BDD27E99637}.Debug|Any CPU.Build.0 = Debug|Any CPU
		{C6B10C8C-22C2-42BA-96CD-8BDD27E99637}.Release|Any CPU.ActiveCfg = Release|Any CPU
		{C6B10C8C-22C2-42BA-96CD-8BDD27E99637}.Release|Any CPU.Build.0 = Release|Any CPU
		{140CD05E-2CDF-4F74-B14A-7D72EC0D10A6}.Debug|Any CPU.ActiveCfg = Debug|Any CPU
		{140CD05E-2CDF-4F74-B14A-7D72EC0D10A6}.Debug|Any CPU.Build.0 = Debug|Any CPU
		{140CD05E-2CDF-4F74-B14A-7D72EC0D10A6}.Release|Any CPU.ActiveCfg = Release|Any CPU
		{140CD05E-2CDF-4F74-B14A-7D72EC0D10A6}.Release|Any CPU.Build.0 = Release|Any CPU
		{60CE8CA5-EA07-4D64-B247-BBAFA09464E3}.Debug|Any CPU.ActiveCfg = Debug|Any CPU
		{60CE8CA5-EA07-4D64-B247-BBAFA09464E3}.Debug|Any CPU.Build.0 = Debug|Any CPU
		{60CE8CA5-EA07-4D64-B247-BBAFA09464E3}.Release|Any CPU.ActiveCfg = Release|Any CPU
		{60CE8CA5-EA07-4D64-B247-BBAFA09464E3}.Release|Any CPU.Build.0 = Release|Any CPU
		{D0FC2EEC-9290-4000-B9EE-D6BDAAE48C59}.Debug|Any CPU.ActiveCfg = Debug|Any CPU
		{D0FC2EEC-9290-4000-B9EE-D6BDAAE48C59}.Debug|Any CPU.Build.0 = Debug|Any CPU
		{D0FC2EEC-9290-4000-B9EE-D6BDAAE48C59}.Release|Any CPU.ActiveCfg = Release|Any CPU
		{D0FC2EEC-9290-4000-B9EE-D6BDAAE48C59}.Release|Any CPU.Build.0 = Release|Any CPU
		{135116EF-27B9-49AC-9563-927C4C4E6590}.Debug|Any CPU.ActiveCfg = Debug|Any CPU
		{135116EF-27B9-49AC-9563-927C4C4E6590}.Debug|Any CPU.Build.0 = Debug|Any CPU
		{135116EF-27B9-49AC-9563-927C4C4E6590}.Release|Any CPU.ActiveCfg = Release|Any CPU
		{135116EF-27B9-49AC-9563-927C4C4E6590}.Release|Any CPU.Build.0 = Release|Any CPU
		{F2F94E33-8465-43E9-888F-0903F2277235}.Debug|Any CPU.ActiveCfg = Debug|Any CPU
		{F2F94E33-8465-43E9-888F-0903F2277235}.Debug|Any CPU.Build.0 = Debug|Any CPU
		{F2F94E33-8465-43E9-888F-0903F2277235}.Release|Any CPU.ActiveCfg = Release|Any CPU
		{F2F94E33-8465-43E9-888F-0903F2277235}.Release|Any CPU.Build.0 = Release|Any CPU
		{63139CC0-B9BB-447E-B0B0-FF2E75B18C26}.Debug|Any CPU.ActiveCfg = Debug|Any CPU
		{63139CC0-B9BB-447E-B0B0-FF2E75B18C26}.Debug|Any CPU.Build.0 = Debug|Any CPU
		{63139CC0-B9BB-447E-B0B0-FF2E75B18C26}.Release|Any CPU.ActiveCfg = Release|Any CPU
		{63139CC0-B9BB-447E-B0B0-FF2E75B18C26}.Release|Any CPU.Build.0 = Release|Any CPU
		{DB9264A7-71EC-4918-BAD9-70235C19F33C}.Debug|Any CPU.ActiveCfg = Debug|Any CPU
		{DB9264A7-71EC-4918-BAD9-70235C19F33C}.Debug|Any CPU.Build.0 = Debug|Any CPU
		{DB9264A7-71EC-4918-BAD9-70235C19F33C}.Release|Any CPU.ActiveCfg = Release|Any CPU
		{DB9264A7-71EC-4918-BAD9-70235C19F33C}.Release|Any CPU.Build.0 = Release|Any CPU
		{9B9C221B-B81A-4899-B36D-0A69B8943769}.Debug|Any CPU.ActiveCfg = Debug|Any CPU
		{9B9C221B-B81A-4899-B36D-0A69B8943769}.Debug|Any CPU.Build.0 = Debug|Any CPU
		{9B9C221B-B81A-4899-B36D-0A69B8943769}.Release|Any CPU.ActiveCfg = Release|Any CPU
		{9B9C221B-B81A-4899-B36D-0A69B8943769}.Release|Any CPU.Build.0 = Release|Any CPU
		{88352B75-16DA-43F9-A898-07AE067E5F68}.Debug|Any CPU.ActiveCfg = Debug|Any CPU
		{88352B75-16DA-43F9-A898-07AE067E5F68}.Debug|Any CPU.Build.0 = Debug|Any CPU
		{88352B75-16DA-43F9-A898-07AE067E5F68}.Release|Any CPU.ActiveCfg = Release|Any CPU
		{88352B75-16DA-43F9-A898-07AE067E5F68}.Release|Any CPU.Build.0 = Release|Any CPU
		{25539AA5-AB45-4854-8773-F1737E3669D7}.Debug|Any CPU.ActiveCfg = Debug|Any CPU
		{25539AA5-AB45-4854-8773-F1737E3669D7}.Debug|Any CPU.Build.0 = Debug|Any CPU
		{25539AA5-AB45-4854-8773-F1737E3669D7}.Release|Any CPU.ActiveCfg = Release|Any CPU
		{25539AA5-AB45-4854-8773-F1737E3669D7}.Release|Any CPU.Build.0 = Release|Any CPU
		{8632F0E8-6A26-4BE5-9785-E59CE7B1A45B}.Debug|Any CPU.ActiveCfg = Debug|Any CPU
		{8632F0E8-6A26-4BE5-9785-E59CE7B1A45B}.Debug|Any CPU.Build.0 = Debug|Any CPU
		{8632F0E8-6A26-4BE5-9785-E59CE7B1A45B}.Release|Any CPU.ActiveCfg = Release|Any CPU
		{8632F0E8-6A26-4BE5-9785-E59CE7B1A45B}.Release|Any CPU.Build.0 = Release|Any CPU
		{51B52E77-1EE6-423F-9B68-ED915F6E36F3}.Debug|Any CPU.ActiveCfg = Debug|Any CPU
		{51B52E77-1EE6-423F-9B68-ED915F6E36F3}.Debug|Any CPU.Build.0 = Debug|Any CPU
		{51B52E77-1EE6-423F-9B68-ED915F6E36F3}.Release|Any CPU.ActiveCfg = Release|Any CPU
		{51B52E77-1EE6-423F-9B68-ED915F6E36F3}.Release|Any CPU.Build.0 = Release|Any CPU
		{D3CAAD6D-3D72-4369-970D-1E2B704C8D19}.Debug|Any CPU.ActiveCfg = Debug|Any CPU
		{D3CAAD6D-3D72-4369-970D-1E2B704C8D19}.Debug|Any CPU.Build.0 = Debug|Any CPU
		{D3CAAD6D-3D72-4369-970D-1E2B704C8D19}.Release|Any CPU.ActiveCfg = Release|Any CPU
		{D3CAAD6D-3D72-4369-970D-1E2B704C8D19}.Release|Any CPU.Build.0 = Release|Any CPU
		{D8D29F32-97DF-4463-8C86-D7C0650CE4A5}.Debug|Any CPU.ActiveCfg = Debug|Any CPU
		{D8D29F32-97DF-4463-8C86-D7C0650CE4A5}.Debug|Any CPU.Build.0 = Debug|Any CPU
		{D8D29F32-97DF-4463-8C86-D7C0650CE4A5}.Release|Any CPU.ActiveCfg = Release|Any CPU
		{D8D29F32-97DF-4463-8C86-D7C0650CE4A5}.Release|Any CPU.Build.0 = Release|Any CPU
		{B5B86055-DF53-47F3-87EC-60A2827815D4}.Debug|Any CPU.ActiveCfg = Debug|Any CPU
		{B5B86055-DF53-47F3-87EC-60A2827815D4}.Debug|Any CPU.Build.0 = Debug|Any CPU
		{B5B86055-DF53-47F3-87EC-60A2827815D4}.Release|Any CPU.ActiveCfg = Release|Any CPU
		{B5B86055-DF53-47F3-87EC-60A2827815D4}.Release|Any CPU.Build.0 = Release|Any CPU
		{708CC5A4-E76C-4A92-96FE-0A46AF8A00D1}.Debug|Any CPU.ActiveCfg = Debug|Any CPU
		{708CC5A4-E76C-4A92-96FE-0A46AF8A00D1}.Debug|Any CPU.Build.0 = Debug|Any CPU
		{708CC5A4-E76C-4A92-96FE-0A46AF8A00D1}.Release|Any CPU.ActiveCfg = Release|Any CPU
		{708CC5A4-E76C-4A92-96FE-0A46AF8A00D1}.Release|Any CPU.Build.0 = Release|Any CPU
		{1EEEDC65-3EBB-466B-95E7-EA122A5C753E}.Debug|Any CPU.ActiveCfg = Debug|Any CPU
		{1EEEDC65-3EBB-466B-95E7-EA122A5C753E}.Debug|Any CPU.Build.0 = Debug|Any CPU
		{1EEEDC65-3EBB-466B-95E7-EA122A5C753E}.Release|Any CPU.ActiveCfg = Release|Any CPU
		{1EEEDC65-3EBB-466B-95E7-EA122A5C753E}.Release|Any CPU.Build.0 = Release|Any CPU
		{23C5B01A-6B8A-47A2-BABF-B9C07329AF63}.Debug|Any CPU.ActiveCfg = Debug|Any CPU
		{23C5B01A-6B8A-47A2-BABF-B9C07329AF63}.Debug|Any CPU.Build.0 = Debug|Any CPU
		{23C5B01A-6B8A-47A2-BABF-B9C07329AF63}.Release|Any CPU.ActiveCfg = Release|Any CPU
		{23C5B01A-6B8A-47A2-BABF-B9C07329AF63}.Release|Any CPU.Build.0 = Release|Any CPU
		{8E171B28-0CCC-41F8-91F6-407DC0FD2969}.Debug|Any CPU.ActiveCfg = Debug|Any CPU
		{8E171B28-0CCC-41F8-91F6-407DC0FD2969}.Debug|Any CPU.Build.0 = Debug|Any CPU
		{8E171B28-0CCC-41F8-91F6-407DC0FD2969}.Release|Any CPU.ActiveCfg = Release|Any CPU
		{8E171B28-0CCC-41F8-91F6-407DC0FD2969}.Release|Any CPU.Build.0 = Release|Any CPU
		{5650C322-0012-40FC-86FF-FB6E3F3AA76F}.Debug|Any CPU.ActiveCfg = Debug|Any CPU
		{5650C322-0012-40FC-86FF-FB6E3F3AA76F}.Debug|Any CPU.Build.0 = Debug|Any CPU
		{5650C322-0012-40FC-86FF-FB6E3F3AA76F}.Release|Any CPU.ActiveCfg = Release|Any CPU
		{5650C322-0012-40FC-86FF-FB6E3F3AA76F}.Release|Any CPU.Build.0 = Release|Any CPU
		{B8B46B02-CE9B-412E-AF59-A04C9F5DBA33}.Debug|Any CPU.ActiveCfg = Debug|Any CPU
		{B8B46B02-CE9B-412E-AF59-A04C9F5DBA33}.Debug|Any CPU.Build.0 = Debug|Any CPU
		{B8B46B02-CE9B-412E-AF59-A04C9F5DBA33}.Release|Any CPU.ActiveCfg = Release|Any CPU
		{B8B46B02-CE9B-412E-AF59-A04C9F5DBA33}.Release|Any CPU.Build.0 = Release|Any CPU
		{67D687CA-4701-4317-AD6B-DF68186280DD}.Debug|Any CPU.ActiveCfg = Debug|Any CPU
		{67D687CA-4701-4317-AD6B-DF68186280DD}.Debug|Any CPU.Build.0 = Debug|Any CPU
		{67D687CA-4701-4317-AD6B-DF68186280DD}.Release|Any CPU.ActiveCfg = Release|Any CPU
		{67D687CA-4701-4317-AD6B-DF68186280DD}.Release|Any CPU.Build.0 = Release|Any CPU
	EndGlobalSection
	GlobalSection(SolutionProperties) = preSolution
		HideSolutionNode = FALSE
	EndGlobalSection
	GlobalSection(NestedProjects) = preSolution
		{B51AD1E9-91CE-4DC0-8171-FD0E61E198B8} = {C2D255D9-FC02-4815-9DBD-945B2179DABD}
		{471213C8-AAE2-4DF8-AF6B-CDCD41E934CF} = {D2C14283-B677-4ABB-BDE1-2DC49B530FB7}
		{2A0945BD-A5CC-4D31-BADD-B94E7ACFA3C4} = {D2C14283-B677-4ABB-BDE1-2DC49B530FB7}
		{70955C24-EF5B-4D0E-B130-3E707500D2C6} = {D2C14283-B677-4ABB-BDE1-2DC49B530FB7}
		{D62560C9-7628-4831-9D78-54ECCF53711A} = {D2C14283-B677-4ABB-BDE1-2DC49B530FB7}
		{1985A950-2D8A-46F4-B624-067FE391C8B2} = {D2C14283-B677-4ABB-BDE1-2DC49B530FB7}
		{C6B10C8C-22C2-42BA-96CD-8BDD27E99637} = {D2C14283-B677-4ABB-BDE1-2DC49B530FB7}
		{140CD05E-2CDF-4F74-B14A-7D72EC0D10A6} = {D2C14283-B677-4ABB-BDE1-2DC49B530FB7}
		{60CE8CA5-EA07-4D64-B247-BBAFA09464E3} = {D2C14283-B677-4ABB-BDE1-2DC49B530FB7}
		{D0FC2EEC-9290-4000-B9EE-D6BDAAE48C59} = {D2C14283-B677-4ABB-BDE1-2DC49B530FB7}
		{135116EF-27B9-49AC-9563-927C4C4E6590} = {D2C14283-B677-4ABB-BDE1-2DC49B530FB7}
		{F2F94E33-8465-43E9-888F-0903F2277235} = {C2D255D9-FC02-4815-9DBD-945B2179DABD}
		{63139CC0-B9BB-447E-B0B0-FF2E75B18C26} = {C2D255D9-FC02-4815-9DBD-945B2179DABD}
		{DB9264A7-71EC-4918-BAD9-70235C19F33C} = {C2D255D9-FC02-4815-9DBD-945B2179DABD}
		{9B9C221B-B81A-4899-B36D-0A69B8943769} = {EE20C878-EA16-4D70-89BB-113DC7FFBFF4}
		{88352B75-16DA-43F9-A898-07AE067E5F68} = {EE20C878-EA16-4D70-89BB-113DC7FFBFF4}
		{25539AA5-AB45-4854-8773-F1737E3669D7} = {EE20C878-EA16-4D70-89BB-113DC7FFBFF4}
		{8632F0E8-6A26-4BE5-9785-E59CE7B1A45B} = {EE20C878-EA16-4D70-89BB-113DC7FFBFF4}
		{51B52E77-1EE6-423F-9B68-ED915F6E36F3} = {EE20C878-EA16-4D70-89BB-113DC7FFBFF4}
		{D3CAAD6D-3D72-4369-970D-1E2B704C8D19} = {52B8C1ED-E26F-4DEA-B04A-F93ED42887B9}
		{D8D29F32-97DF-4463-8C86-D7C0650CE4A5} = {52B8C1ED-E26F-4DEA-B04A-F93ED42887B9}
		{B5B86055-DF53-47F3-87EC-60A2827815D4} = {52B8C1ED-E26F-4DEA-B04A-F93ED42887B9}
		{708CC5A4-E76C-4A92-96FE-0A46AF8A00D1} = {CBA0F16C-AE06-4743-B958-69D82FCE7A55}
		{1EEEDC65-3EBB-466B-95E7-EA122A5C753E} = {CBA0F16C-AE06-4743-B958-69D82FCE7A55}
		{23C5B01A-6B8A-47A2-BABF-B9C07329AF63} = {CBA0F16C-AE06-4743-B958-69D82FCE7A55}
		{8E171B28-0CCC-41F8-91F6-407DC0FD2969} = {4CB58B1B-8947-4D3E-BDD1-D89BC14EEDA3}
		{5650C322-0012-40FC-86FF-FB6E3F3AA76F} = {4CB58B1B-8947-4D3E-BDD1-D89BC14EEDA3}
		{B8B46B02-CE9B-412E-AF59-A04C9F5DBA33} = {4CB58B1B-8947-4D3E-BDD1-D89BC14EEDA3}
		{67D687CA-4701-4317-AD6B-DF68186280DD} = {C2D255D9-FC02-4815-9DBD-945B2179DABD}
	EndGlobalSection
	GlobalSection(ExtensibilityGlobals) = postSolution
		SolutionGuid = {EC031B7F-F7DD-40E1-8FB0-7F2088CE0477}
	EndGlobalSection
EndGlobal
